
Microsoft Visual Studio Solution File, Format Version 12.00
# Visual Studio Version 17
VisualStudioVersion = 17.6.33829.357
MinimumVisualStudioVersion = 10.0.40219.1
Project("{2150E333-8FDC-42A3-9474-1A3956D46DE8}") = "Core", "Core", "{CEE2FEA8-5075-4A9D-A8A7-8E7964757BAA}"
EndProject
Project("{2150E333-8FDC-42A3-9474-1A3956D46DE8}") = "test", "test", "{14F03231-1733-4628-A4CF-C7919C896027}"
EndProject
Project("{2150E333-8FDC-42A3-9474-1A3956D46DE8}") = "src", "src", "{71853690-19E7-481C-87BC-9E6F2455DA45}"
EndProject
Project("{2150E333-8FDC-42A3-9474-1A3956D46DE8}") = "API", "API", "{E936EE9F-27F8-4CCD-96AD-DF808E6545AB}"
EndProject
Project("{2150E333-8FDC-42A3-9474-1A3956D46DE8}") = "Infrastructure", "Infrastructure", "{F388515E-7C68-4A2F-9378-E726E7C52424}"
EndProject
Project("{2150E333-8FDC-42A3-9474-1A3956D46DE8}") = "UI", "UI", "{27801E11-3C4C-46C9-BEBB-7A84042002A6}"
EndProject
Project("{9A19103F-16F7-4668-BE54-9A1E7A4F7556}") = "HR.LeaveManagement.Application", "src\Core\HR.LeaveManagement.Application\HR.LeaveManagement.Application.csproj", "{9D85C737-7745-4897-AD0A-898B82C9129F}"
EndProject
Project("{9A19103F-16F7-4668-BE54-9A1E7A4F7556}") = "HR.LeaveManagement.Domain", "src\Core\HR.LeaveManagement.Domain\HR.LeaveManagement.Domain.csproj", "{07EC392E-6C42-41F0-B267-7A2F572A6E0B}"
EndProject
Project("{9A19103F-16F7-4668-BE54-9A1E7A4F7556}") = "APITEST", "src\API\APITEST.csproj", "{99E1E25E-978D-4AD1-8C6D-15AFE3121814}"
EndProject
Project("{9A19103F-16F7-4668-BE54-9A1E7A4F7556}") = "UITEST", "src\UI\UITEST.csproj", "{3A21E309-41AC-416F-9D77-C4BCE5360FDD}"
EndProject
Project("{2150E333-8FDC-42A3-9474-1A3956D46DE8}") = "Solution Items", "Solution Items", "{2E48D916-1B9C-453B-9103-741BB9F5E449}"
	ProjectSection(SolutionItems) = preProject
		.gitignore = .gitignore
	EndProjectSection
EndProject
Project("{9A19103F-16F7-4668-BE54-9A1E7A4F7556}") = "HR.LeaveManagement.Persistence", "src\Infrastructure\HR.LeaveManagement.Persistence\HR.LeaveManagement.Persistence.csproj", "{FBE6CB57-ED23-45BF-B73A-4F00C4ACFCEC}"
EndProject
Project("{FAE04EC0-301F-11D3-BF4B-00C04F79EFBC}") = "HR.LeaveManagement.Infrastucture", "HR.LeaveManagement.Infrastucture\HR.LeaveManagement.Infrastucture.csproj", "{2A605C3E-6DB1-491D-9E73-7145AE52A02A}"
EndProject
Global
	GlobalSection(SolutionConfigurationPlatforms) = preSolution
		Debug|Any CPU = Debug|Any CPU
		Release|Any CPU = Release|Any CPU
	EndGlobalSection
	GlobalSection(ProjectConfigurationPlatforms) = postSolution
		{9D85C737-7745-4897-AD0A-898B82C9129F}.Debug|Any CPU.ActiveCfg = Debug|Any CPU
		{9D85C737-7745-4897-AD0A-898B82C9129F}.Debug|Any CPU.Build.0 = Debug|Any CPU
		{9D85C737-7745-4897-AD0A-898B82C9129F}.Release|Any CPU.ActiveCfg = Release|Any CPU
		{9D85C737-7745-4897-AD0A-898B82C9129F}.Release|Any CPU.Build.0 = Release|Any CPU
		{07EC392E-6C42-41F0-B267-7A2F572A6E0B}.Debug|Any CPU.ActiveCfg = Debug|Any CPU
		{07EC392E-6C42-41F0-B267-7A2F572A6E0B}.Debug|Any CPU.Build.0 = Debug|Any CPU
		{07EC392E-6C42-41F0-B267-7A2F572A6E0B}.Release|Any CPU.ActiveCfg = Release|Any CPU
		{07EC392E-6C42-41F0-B267-7A2F572A6E0B}.Release|Any CPU.Build.0 = Release|Any CPU
		{99E1E25E-978D-4AD1-8C6D-15AFE3121814}.Debug|Any CPU.ActiveCfg = Debug|Any CPU
		{99E1E25E-978D-4AD1-8C6D-15AFE3121814}.Debug|Any CPU.Build.0 = Debug|Any CPU
		{99E1E25E-978D-4AD1-8C6D-15AFE3121814}.Release|Any CPU.ActiveCfg = Release|Any CPU
		{99E1E25E-978D-4AD1-8C6D-15AFE3121814}.Release|Any CPU.Build.0 = Release|Any CPU
		{3A21E309-41AC-416F-9D77-C4BCE5360FDD}.Debug|Any CPU.ActiveCfg = Debug|Any CPU
		{3A21E309-41AC-416F-9D77-C4BCE5360FDD}.Debug|Any CPU.Build.0 = Debug|Any CPU
		{3A21E309-41AC-416F-9D77-C4BCE5360FDD}.Release|Any CPU.ActiveCfg = Release|Any CPU
		{3A21E309-41AC-416F-9D77-C4BCE5360FDD}.Release|Any CPU.Build.0 = Release|Any CPU
		{FBE6CB57-ED23-45BF-B73A-4F00C4ACFCEC}.Debug|Any CPU.ActiveCfg = Debug|Any CPU
		{FBE6CB57-ED23-45BF-B73A-4F00C4ACFCEC}.Debug|Any CPU.Build.0 = Debug|Any CPU
		{FBE6CB57-ED23-45BF-B73A-4F00C4ACFCEC}.Release|Any CPU.ActiveCfg = Release|Any CPU
		{FBE6CB57-ED23-45BF-B73A-4F00C4ACFCEC}.Release|Any CPU.Build.0 = Release|Any CPU
		{2A605C3E-6DB1-491D-9E73-7145AE52A02A}.Debug|Any CPU.ActiveCfg = Debug|Any CPU
		{2A605C3E-6DB1-491D-9E73-7145AE52A02A}.Debug|Any CPU.Build.0 = Debug|Any CPU
		{2A605C3E-6DB1-491D-9E73-7145AE52A02A}.Release|Any CPU.ActiveCfg = Release|Any CPU
		{2A605C3E-6DB1-491D-9E73-7145AE52A02A}.Release|Any CPU.Build.0 = Release|Any CPU
	EndGlobalSection
	GlobalSection(SolutionProperties) = preSolution
		HideSolutionNode = FALSE
	EndGlobalSection
	GlobalSection(NestedProjects) = preSolution
		{CEE2FEA8-5075-4A9D-A8A7-8E7964757BAA} = {71853690-19E7-481C-87BC-9E6F2455DA45}
		{E936EE9F-27F8-4CCD-96AD-DF808E6545AB} = {71853690-19E7-481C-87BC-9E6F2455DA45}
		{F388515E-7C68-4A2F-9378-E726E7C52424} = {71853690-19E7-481C-87BC-9E6F2455DA45}
		{27801E11-3C4C-46C9-BEBB-7A84042002A6} = {71853690-19E7-481C-87BC-9E6F2455DA45}
		{9D85C737-7745-4897-AD0A-898B82C9129F} = {CEE2FEA8-5075-4A9D-A8A7-8E7964757BAA}
		{07EC392E-6C42-41F0-B267-7A2F572A6E0B} = {CEE2FEA8-5075-4A9D-A8A7-8E7964757BAA}
		{99E1E25E-978D-4AD1-8C6D-15AFE3121814} = {E936EE9F-27F8-4CCD-96AD-DF808E6545AB}
		{3A21E309-41AC-416F-9D77-C4BCE5360FDD} = {27801E11-3C4C-46C9-BEBB-7A84042002A6}
		{FBE6CB57-ED23-45BF-B73A-4F00C4ACFCEC} = {F388515E-7C68-4A2F-9378-E726E7C52424}
		{2A605C3E-6DB1-491D-9E73-7145AE52A02A} = {F388515E-7C68-4A2F-9378-E726E7C52424}
	EndGlobalSection
	GlobalSection(ExtensibilityGlobals) = postSolution
		SolutionGuid = {9E0F3D24-E6AE-4995-8B9C-1B9B9141D49D}
	EndGlobalSection
EndGlobal
